// !$*UTF8*$!
{
	archiveVersion = 1;
	classes = {
	};
	objectVersion = 46;
	objects = {

/* Begin PBXBuildFile section */
		DE5E85A31F6E7C4700D49D61 /* DistanceKeyboard.swift in Sources */ = {isa = PBXBuildFile; fileRef = DE5E85A21F6E7C4700D49D61 /* DistanceKeyboard.swift */; };
		DE5E85A51F6E7C7700D49D61 /* TimeKeyboard.swift in Sources */ = {isa = PBXBuildFile; fileRef = DE5E85A41F6E7C7700D49D61 /* TimeKeyboard.swift */; };
		DE5E85A71F6E7C8500D49D61 /* MoneyKeyboard.swift in Sources */ = {isa = PBXBuildFile; fileRef = DE5E85A61F6E7C8500D49D61 /* MoneyKeyboard.swift */; };
		DE5E85AB1F6E7DD400D49D61 /* Actions.sks in Resources */ = {isa = PBXBuildFile; fileRef = DE5E85AA1F6E7DD400D49D61 /* Actions.sks */; };
		DE5E85AE1F6E85AD00D49D61 /* CoreMotion.framework in Frameworks */ = {isa = PBXBuildFile; fileRef = DE5E85AD1F6E85AD00D49D61 /* CoreMotion.framework */; };
		DE8F4F091F6E76F300F97ECA /* AppDelegate.swift in Sources */ = {isa = PBXBuildFile; fileRef = DE8F4F081F6E76F300F97ECA /* AppDelegate.swift */; };
		DE8F4F111F6E76F300F97ECA /* GameViewController.swift in Sources */ = {isa = PBXBuildFile; fileRef = DE8F4F101F6E76F300F97ECA /* GameViewController.swift */; };
		DE8F4F141F6E76F300F97ECA /* Main.storyboard in Resources */ = {isa = PBXBuildFile; fileRef = DE8F4F121F6E76F300F97ECA /* Main.storyboard */; };
		DE8F4F191F6E76F300F97ECA /* LaunchScreen.storyboard in Resources */ = {isa = PBXBuildFile; fileRef = DE8F4F171F6E76F300F97ECA /* LaunchScreen.storyboard */; };
		DE8F4F211F6E774F00F97ECA /* GameScene.sks in Resources */ = {isa = PBXBuildFile; fileRef = DE8F4F201F6E774F00F97ECA /* GameScene.sks */; };
		DE8F4F291F6E776B00F97ECA /* GameScene.swift in Sources */ = {isa = PBXBuildFile; fileRef = DE8F4F281F6E776B00F97ECA /* GameScene.swift */; };
		DE8F4F2B1F6E778B00F97ECA /* Assets.xcassets in Resources */ = {isa = PBXBuildFile; fileRef = DE8F4F2A1F6E778B00F97ECA /* Assets.xcassets */; };
		DE8F4F2D1F6E779D00F97ECA /* MSButtonNode.swift in Sources */ = {isa = PBXBuildFile; fileRef = DE8F4F2C1F6E779D00F97ECA /* MSButtonNode.swift */; };
/* End PBXBuildFile section */

/* Begin PBXFileReference section */
		DE5E85A21F6E7C4700D49D61 /* DistanceKeyboard.swift */ = {isa = PBXFileReference; fileEncoding = 4; lastKnownFileType = sourcecode.swift; path = DistanceKeyboard.swift; sourceTree = "<group>"; };
		DE5E85A41F6E7C7700D49D61 /* TimeKeyboard.swift */ = {isa = PBXFileReference; fileEncoding = 4; lastKnownFileType = sourcecode.swift; path = TimeKeyboard.swift; sourceTree = "<group>"; };
		DE5E85A61F6E7C8500D49D61 /* MoneyKeyboard.swift */ = {isa = PBXFileReference; fileEncoding = 4; lastKnownFileType = sourcecode.swift; path = MoneyKeyboard.swift; sourceTree = "<group>"; };
		DE5E85AA1F6E7DD400D49D61 /* Actions.sks */ = {isa = PBXFileReference; lastKnownFileType = file.sks; path = Actions.sks; sourceTree = "<group>"; };
		DE5E85AD1F6E85AD00D49D61 /* CoreMotion.framework */ = {isa = PBXFileReference; lastKnownFileType = wrapper.framework; name = CoreMotion.framework; path = System/Library/Frameworks/CoreMotion.framework; sourceTree = SDKROOT; };
		DE8F4F051F6E76F300F97ECA /* RunTime.app */ = {isa = PBXFileReference; explicitFileType = wrapper.application; includeInIndex = 0; path = RunTime.app; sourceTree = BUILT_PRODUCTS_DIR; };
		DE8F4F081F6E76F300F97ECA /* AppDelegate.swift */ = {isa = PBXFileReference; lastKnownFileType = sourcecode.swift; path = AppDelegate.swift; sourceTree = "<group>"; };
		DE8F4F101F6E76F300F97ECA /* GameViewController.swift */ = {isa = PBXFileReference; lastKnownFileType = sourcecode.swift; path = GameViewController.swift; sourceTree = "<group>"; };
		DE8F4F131F6E76F300F97ECA /* Base */ = {isa = PBXFileReference; lastKnownFileType = file.storyboard; name = Base; path = Base.lproj/Main.storyboard; sourceTree = "<group>"; };
		DE8F4F181F6E76F300F97ECA /* Base */ = {isa = PBXFileReference; lastKnownFileType = file.storyboard; name = Base; path = Base.lproj/LaunchScreen.storyboard; sourceTree = "<group>"; };
		DE8F4F1A1F6E76F300F97ECA /* Info.plist */ = {isa = PBXFileReference; lastKnownFileType = text.plist.xml; path = Info.plist; sourceTree = "<group>"; };
		DE8F4F201F6E774F00F97ECA /* GameScene.sks */ = {isa = PBXFileReference; lastKnownFileType = file.sks; path = GameScene.sks; sourceTree = "<group>"; };
		DE8F4F281F6E776B00F97ECA /* GameScene.swift */ = {isa = PBXFileReference; fileEncoding = 4; lastKnownFileType = sourcecode.swift; path = GameScene.swift; sourceTree = "<group>"; };
		DE8F4F2A1F6E778B00F97ECA /* Assets.xcassets */ = {isa = PBXFileReference; lastKnownFileType = folder.assetcatalog; path = Assets.xcassets; sourceTree = "<group>"; };
		DE8F4F2C1F6E779D00F97ECA /* MSButtonNode.swift */ = {isa = PBXFileReference; fileEncoding = 4; lastKnownFileType = sourcecode.swift; path = MSButtonNode.swift; sourceTree = "<group>"; };
/* End PBXFileReference section */

/* Begin PBXFrameworksBuildPhase section */
		DE8F4F021F6E76F300F97ECA /* Frameworks */ = {
			isa = PBXFrameworksBuildPhase;
			buildActionMask = 2147483647;
			files = (
				DE5E85AE1F6E85AD00D49D61 /* CoreMotion.framework in Frameworks */,
			);
			runOnlyForDeploymentPostprocessing = 0;
		};
/* End PBXFrameworksBuildPhase section */

/* Begin PBXGroup section */
		DE5E85AC1F6E85AC00D49D61 /* Frameworks */ = {
			isa = PBXGroup;
			children = (
				DE5E85AD1F6E85AD00D49D61 /* CoreMotion.framework */,
			);
			name = Frameworks;
			sourceTree = "<group>";
		};
		DE8F4EFC1F6E76F300F97ECA = {
			isa = PBXGroup;
			children = (
				DE8F4F071F6E76F300F97ECA /* RunTime */,
				DE8F4F061F6E76F300F97ECA /* Products */,
				DE5E85AC1F6E85AC00D49D61 /* Frameworks */,
			);
			sourceTree = "<group>";
		};
		DE8F4F061F6E76F300F97ECA /* Products */ = {
			isa = PBXGroup;
			children = (
				DE8F4F051F6E76F300F97ECA /* RunTime.app */,
			);
			name = Products;
			sourceTree = "<group>";
		};
		DE8F4F071F6E76F300F97ECA /* RunTime */ = {
			isa = PBXGroup;
			children = (
				DE8F4F081F6E76F300F97ECA /* AppDelegate.swift */,
				DE8F4F201F6E774F00F97ECA /* GameScene.sks */,
				DE5E85AA1F6E7DD400D49D61 /* Actions.sks */,
				DE8F4F281F6E776B00F97ECA /* GameScene.swift */,
				DE5E85A41F6E7C7700D49D61 /* TimeKeyboard.swift */,
				DE5E85A61F6E7C8500D49D61 /* MoneyKeyboard.swift */,
				DE5E85A21F6E7C4700D49D61 /* DistanceKeyboard.swift */,
				DE8F4F2C1F6E779D00F97ECA /* MSButtonNode.swift */,
				DE8F4F101F6E76F300F97ECA /* GameViewController.swift */,
				DE8F4F121F6E76F300F97ECA /* Main.storyboard */,
				DE8F4F2A1F6E778B00F97ECA /* Assets.xcassets */,
				DE8F4F171F6E76F300F97ECA /* LaunchScreen.storyboard */,
				DE8F4F1A1F6E76F300F97ECA /* Info.plist */,
			);
			path = RunTime;
			sourceTree = "<group>";
		};
/* End PBXGroup section */

/* Begin PBXNativeTarget section */
		DE8F4F041F6E76F300F97ECA /* RunTime */ = {
			isa = PBXNativeTarget;
			buildConfigurationList = DE8F4F1D1F6E76F300F97ECA /* Build configuration list for PBXNativeTarget "RunTime" */;
			buildPhases = (
				DE8F4F011F6E76F300F97ECA /* Sources */,
				DE8F4F021F6E76F300F97ECA /* Frameworks */,
				DE8F4F031F6E76F300F97ECA /* Resources */,
			);
			buildRules = (
			);
			dependencies = (
			);
			name = RunTime;
			productName = RunTime;
			productReference = DE8F4F051F6E76F300F97ECA /* RunTime.app */;
			productType = "com.apple.product-type.application";
		};
/* End PBXNativeTarget section */

/* Begin PBXProject section */
		DE8F4EFD1F6E76F300F97ECA /* Project object */ = {
			isa = PBXProject;
			attributes = {
				LastSwiftUpdateCheck = 0830;
				LastUpgradeCheck = 0830;
				ORGANIZATIONNAME = "Wes Ong";
				TargetAttributes = {
					DE8F4F041F6E76F300F97ECA = {
						CreatedOnToolsVersion = 8.3.3;
						DevelopmentTeam = C79RLRW3DJ;
						ProvisioningStyle = Automatic;
					};
				};
			};
			buildConfigurationList = DE8F4F001F6E76F300F97ECA /* Build configuration list for PBXProject "RunTime" */;
			compatibilityVersion = "Xcode 3.2";
			developmentRegion = English;
			hasScannedForEncodings = 0;
			knownRegions = (
				en,
				Base,
			);
			mainGroup = DE8F4EFC1F6E76F300F97ECA;
			productRefGroup = DE8F4F061F6E76F300F97ECA /* Products */;
			projectDirPath = "";
			projectRoot = "";
			targets = (
				DE8F4F041F6E76F300F97ECA /* RunTime */,
			);
		};
/* End PBXProject section */

/* Begin PBXResourcesBuildPhase section */
		DE8F4F031F6E76F300F97ECA /* Resources */ = {
			isa = PBXResourcesBuildPhase;
			buildActionMask = 2147483647;
			files = (
				DE8F4F141F6E76F300F97ECA /* Main.storyboard in Resources */,
				DE8F4F211F6E774F00F97ECA /* GameScene.sks in Resources */,
				DE8F4F191F6E76F300F97ECA /* LaunchScreen.storyboard in Resources */,
				DE8F4F2B1F6E778B00F97ECA /* Assets.xcassets in Resources */,
				DE5E85AB1F6E7DD400D49D61 /* Actions.sks in Resources */,
			);
			runOnlyForDeploymentPostprocessing = 0;
		};
/* End PBXResourcesBuildPhase section */

/* Begin PBXSourcesBuildPhase section */
		DE8F4F011F6E76F300F97ECA /* Sources */ = {
			isa = PBXSourcesBuildPhase;
			buildActionMask = 2147483647;
			files = (
				DE8F4F291F6E776B00F97ECA /* GameScene.swift in Sources */,
				DE5E85A71F6E7C8500D49D61 /* MoneyKeyboard.swift in Sources */,
				DE8F4F111F6E76F300F97ECA /* GameViewController.swift in Sources */,
				DE5E85A31F6E7C4700D49D61 /* DistanceKeyboard.swift in Sources */,
				DE5E85A51F6E7C7700D49D61 /* TimeKeyboard.swift in Sources */,
				DE8F4F2D1F6E779D00F97ECA /* MSButtonNode.swift in Sources */,
				DE8F4F091F6E76F300F97ECA /* AppDelegate.swift in Sources */,
			);
			runOnlyForDeploymentPostprocessing = 0;
		};
/* End PBXSourcesBuildPhase section */

/* Begin PBXVariantGroup section */
		DE8F4F121F6E76F300F97ECA /* Main.storyboard */ = {
			isa = PBXVariantGroup;
			children = (
				DE8F4F131F6E76F300F97ECA /* Base */,
			);
			name = Main.storyboard;
			sourceTree = "<group>";
		};
		DE8F4F171F6E76F300F97ECA /* LaunchScreen.storyboard */ = {
			isa = PBXVariantGroup;
			children = (
				DE8F4F181F6E76F300F97ECA /* Base */,
			);
			name = LaunchScreen.storyboard;
			sourceTree = "<group>";
		};
/* End PBXVariantGroup section */

/* Begin XCBuildConfiguration section */
		DE8F4F1B1F6E76F300F97ECA /* Debug */ = {
			isa = XCBuildConfiguration;
			buildSettings = {
				ALWAYS_SEARCH_USER_PATHS = NO;
				CLANG_ANALYZER_NONNULL = YES;
				CLANG_ANALYZER_NUMBER_OBJECT_CONVERSION = YES_AGGRESSIVE;
				CLANG_CXX_LANGUAGE_STANDARD = "gnu++0x";
				CLANG_CXX_LIBRARY = "libc++";
				CLANG_ENABLE_MODULES = YES;
				CLANG_ENABLE_OBJC_ARC = YES;
				CLANG_WARN_BOOL_CONVERSION = YES;
				CLANG_WARN_CONSTANT_CONVERSION = YES;
				CLANG_WARN_DIRECT_OBJC_ISA_USAGE = YES_ERROR;
				CLANG_WARN_DOCUMENTATION_COMMENTS = YES;
				CLANG_WARN_EMPTY_BODY = YES;
				CLANG_WARN_ENUM_CONVERSION = YES;
				CLANG_WARN_INFINITE_RECURSION = YES;
				CLANG_WARN_INT_CONVERSION = YES;
				CLANG_WARN_OBJC_ROOT_CLASS = YES_ERROR;
				CLANG_WARN_SUSPICIOUS_MOVE = YES;
				CLANG_WARN_UNREACHABLE_CODE = YES;
				CLANG_WARN__DUPLICATE_METHOD_MATCH = YES;
				"CODE_SIGN_IDENTITY[sdk=iphoneos*]" = "iPhone Developer";
				COPY_PHASE_STRIP = NO;
				DEBUG_INFORMATION_FORMAT = dwarf;
				ENABLE_STRICT_OBJC_MSGSEND = YES;
				ENABLE_TESTABILITY = YES;
				GCC_C_LANGUAGE_STANDARD = gnu99;
				GCC_DYNAMIC_NO_PIC = NO;
				GCC_NO_COMMON_BLOCKS = YES;
				GCC_OPTIMIZATION_LEVEL = 0;
				GCC_PREPROCESSOR_DEFINITIONS = (
					"DEBUG=1",
					"$(inherited)",
				);
				GCC_WARN_64_TO_32_BIT_CONVERSION = YES;
				GCC_WARN_ABOUT_RETURN_TYPE = YES_ERROR;
				GCC_WARN_UNDECLARED_SELECTOR = YES;
				GCC_WARN_UNINITIALIZED_AUTOS = YES_AGGRESSIVE;
				GCC_WARN_UNUSED_FUNCTION = YES;
				GCC_WARN_UNUSED_VARIABLE = YES;
				IPHONEOS_DEPLOYMENT_TARGET = 10.3;
				MTL_ENABLE_DEBUG_INFO = YES;
				ONLY_ACTIVE_ARCH = YES;
				SDKROOT = iphoneos;
				SWIFT_ACTIVE_COMPILATION_CONDITIONS = DEBUG;
				SWIFT_OPTIMIZATION_LEVEL = "-Onone";
			};
			name = Debug;
		};
		DE8F4F1C1F6E76F300F97ECA /* Release */ = {
			isa = XCBuildConfiguration;
			buildSettings = {
				ALWAYS_SEARCH_USER_PATHS = NO;
				CLANG_ANALYZER_NONNULL = YES;
				CLANG_ANALYZER_NUMBER_OBJECT_CONVERSION = YES_AGGRESSIVE;
				CLANG_CXX_LANGUAGE_STANDARD = "gnu++0x";
				CLANG_CXX_LIBRARY = "libc++";
				CLANG_ENABLE_MODULES = YES;
				CLANG_ENABLE_OBJC_ARC = YES;
				CLANG_WARN_BOOL_CONVERSION = YES;
				CLANG_WARN_CONSTANT_CONVERSION = YES;
				CLANG_WARN_DIRECT_OBJC_ISA_USAGE = YES_ERROR;
				CLANG_WARN_DOCUMENTATION_COMMENTS = YES;
				CLANG_WARN_EMPTY_BODY = YES;
				CLANG_WARN_ENUM_CONVERSION = YES;
				CLANG_WARN_INFINITE_RECURSION = YES;
				CLANG_WARN_INT_CONVERSION = YES;
				CLANG_WARN_OBJC_ROOT_CLASS = YES_ERROR;
				CLANG_WARN_SUSPICIOUS_MOVE = YES;
				CLANG_WARN_UNREACHABLE_CODE = YES;
				CLANG_WARN__DUPLICATE_METHOD_MATCH = YES;
				"CODE_SIGN_IDENTITY[sdk=iphoneos*]" = "iPhone Developer";
				COPY_PHASE_STRIP = NO;
				DEBUG_INFORMATION_FORMAT = "dwarf-with-dsym";
				ENABLE_NS_ASSERTIONS = NO;
				ENABLE_STRICT_OBJC_MSGSEND = YES;
				GCC_C_LANGUAGE_STANDARD = gnu99;
				GCC_NO_COMMON_BLOCKS = YES;
				GCC_WARN_64_TO_32_BIT_CONVERSION = YES;
				GCC_WARN_ABOUT_RETURN_TYPE = YES_ERROR;
				GCC_WARN_UNDECLARED_SELECTOR = YES;
				GCC_WARN_UNINITIALIZED_AUTOS = YES_AGGRESSIVE;
				GCC_WARN_UNUSED_FUNCTION = YES;
				GCC_WARN_UNUSED_VARIABLE = YES;
				IPHONEOS_DEPLOYMENT_TARGET = 10.3;
				MTL_ENABLE_DEBUG_INFO = NO;
				SDKROOT = iphoneos;
				SWIFT_OPTIMIZATION_LEVEL = "-Owholemodule";
				VALIDATE_PRODUCT = YES;
			};
			name = Release;
		};
		DE8F4F1E1F6E76F300F97ECA /* Debug */ = {
			isa = XCBuildConfiguration;
			buildSettings = {
				ASSETCATALOG_COMPILER_APPICON_NAME = AppIcon;
				DEVELOPMENT_TEAM = C79RLRW3DJ;
				INFOPLIST_FILE = RunTime/Info.plist;
				LD_RUNPATH_SEARCH_PATHS = "$(inherited) @executable_path/Frameworks";
				PRODUCT_BUNDLE_IDENTIFIER = com.WesO.RunTime;
				PRODUCT_NAME = "$(TARGET_NAME)";
				SWIFT_VERSION = 3.0;
			};
			name = Debug;
		};
		DE8F4F1F1F6E76F300F97ECA /* Release */ = {
			isa = XCBuildConfiguration;
			buildSettings = {
				ASSETCATALOG_COMPILER_APPICON_NAME = AppIcon;
				DEVELOPMENT_TEAM = C79RLRW3DJ;
				INFOPLIST_FILE = RunTime/Info.plist;
				LD_RUNPATH_SEARCH_PATHS = "$(inherited) @executable_path/Frameworks";
				PRODUCT_BUNDLE_IDENTIFIER = com.WesO.RunTime;
				PRODUCT_NAME = "$(TARGET_NAME)";
				SWIFT_VERSION = 3.0;
			};
			name = Release;
		};
/* End XCBuildConfiguration section */

/* Begin XCConfigurationList section */
		DE8F4F001F6E76F300F97ECA /* Build configuration list for PBXProject "RunTime" */ = {
			isa = XCConfigurationList;
			buildConfigurations = (
				DE8F4F1B1F6E76F300F97ECA /* Debug */,
				DE8F4F1C1F6E76F300F97ECA /* Release */,
			);
			defaultConfigurationIsVisible = 0;
			defaultConfigurationName = Release;
		};
		DE8F4F1D1F6E76F300F97ECA /* Build configuration list for PBXNativeTarget "RunTime" */ = {
			isa = XCConfigurationList;
			buildConfigurations = (
				DE8F4F1E1F6E76F300F97ECA /* Debug */,
				DE8F4F1F1F6E76F300F97ECA /* Release */,
			);
			defaultConfigurationIsVisible = 0;
			defaultConfigurationName = Release;
		};
/* End XCConfigurationList section */
	};
	rootObject = DE8F4EFD1F6E76F300F97ECA /* Project object */;
}
